{
  "lockfileVersion": 1,
  "configVersion": 1,
  "workspaces": {
    "": {
      "dependencies": {
        "easymde": "^2.20.0",
        "editor.md": "^1.5.0",
        "install": "^0.13.0",
      },
    },
  },
  "packages": {
    "@types/codemirror": ["@types/codemirror@5.60.17", "", { "dependencies": { "@types/tern": "*" } }, "sha512-AZq2FIsUHVMlp7VSe2hTfl5w4pcUkoFkM3zVsRKsn1ca8CXRDYvnin04+HP2REkwsxemuHqvDofdlhUWNpbwfw=="],

    "@types/estree": ["@types/estree@1.0.8", "", {}, "sha512-dWHzHa2WqEXI/O1E9OjrocMTKJl2mSrEolh1Iomrv6U+JuNwaHXsXx9bLu5gG7BUWFIN0skIQJQ/L1rIex4X6w=="],

    "@types/marked": ["@types/marked@4.3.2", "", {}, "sha512-a79Yc3TOk6dGdituy8hmTTJXjOkZ7zsFYV10L337ttq/rec8lRMDBpV7fL3uLx6TgbFCa5DU/h8FmIBQPSbU0w=="],

    "@types/tern": ["@types/tern@0.23.9", "", { "dependencies": { "@types/estree": "*" } }, "sha512-ypzHFE/wBzh+BlH6rrBgS5I/Z7RD21pGhZ2rltb/+ZrVM1awdZwjx7hE5XfuYgHWk9uvV5HLZN3SloevCAp3Bw=="],

    "codemirror": ["codemirror@5.65.20", "", {}, "sha512-i5dLDDxwkFCbhjvL2pNjShsojoL3XHyDwsGv1jqETUoW+lzpBKKqNTUWgQwVAOa0tUm4BwekT455ujafi8payA=="],

    "codemirror-spell-checker": ["codemirror-spell-checker@1.1.2", "", { "dependencies": { "typo-js": "*" } }, "sha512-2Tl6n0v+GJRsC9K3MLCdLaMOmvWL0uukajNJseorZJsslaxZyZMgENocPU8R0DyoTAiKsyqiemSOZo7kjGV0LQ=="],

    "easymde": ["easymde@2.20.0", "", { "dependencies": { "@types/codemirror": "^5.60.10", "@types/marked": "^4.0.7", "codemirror": "^5.65.15", "codemirror-spell-checker": "1.1.2", "marked": "^4.1.0" } }, "sha512-V1Z5f92TfR42Na852OWnIZMbM7zotWQYTddNaLYZFVKj7APBbyZ3FYJ27gBw2grMW3R6Qdv9J8n5Ij7XRSIgXQ=="],

    "editor.md": ["editor.md@1.5.0", "", {}, "sha512-oQBKZdXTkGogGNXV5jomogXZ2v8FNPBDbTC0NOVkicypPGr+NLKeEBfAe/gujCivkDG4Tn5yAGHCr0tsp9o44Q=="],

    "install": ["install@0.13.0", "", {}, "sha512-zDml/jzr2PKU9I8J/xyZBQn8rPCAY//UOYNmR01XwNwyfhEWObo2SWfSl1+0tm1u6PhxLwDnfsT/6jB7OUxqFA=="],

    "marked": ["marked@4.3.0", "", { "bin": { "marked": "bin/marked.js" } }, "sha512-PRsaiG84bK+AMvxziE/lCFss8juXjNaWzVbN5tXAm4XjeaS9NAHhop+PjQxz2A9h8Q4M/xGmzP8vqNwy6JeK0A=="],

    "typo-js": ["typo-js@1.3.1", "", {}, "sha512-elJkpCL6Z77Ghw0Lv0lGnhBAjSTOQ5FhiVOCfOuxhaoTT2xtLVbqikYItK5HHchzPbHEUFAcjOH669T2ZzeCbg=="],
  }
}
